
Microsoft Visual Studio Solution File, Format Version 12.00
# Visual Studio 15
VisualStudioVersion = 15.0.28307.421
MinimumVisualStudioVersion = 10.0.40219.1
Project("{FAE04EC0-301F-11D3-BF4B-00C04F79EFBC}") = "OnlineShopingManagment", "OnlineShopingManagment\OnlineShopingManagment.csproj", "{BF2367D8-A545-4F68-9B4F-6A122B227FE3}"
EndProject
Global
	GlobalSection(SolutionConfigurationPlatforms) = preSolution
		Debug|Any CPU = Debug|Any CPU
		Release|Any CPU = Release|Any CPU
	EndGlobalSection
	GlobalSection(ProjectConfigurationPlatforms) = postSolution
		{BF2367D8-A545-4F68-9B4F-6A122B227FE3}.Debug|Any CPU.ActiveCfg = Debug|Any CPU
		{BF2367D8-A545-4F68-9B4F-6A122B227FE3}.Debug|Any CPU.Build.0 = Debug|Any CPU
		{BF2367D8-A545-4F68-9B4F-6A122B227FE3}.Release|Any CPU.ActiveCfg = Release|Any CPU
		{BF2367D8-A545-4F68-9B4F-6A122B227FE3}.Release|Any CPU.Build.0 = Release|Any CPU
	EndGlobalSection
	GlobalSection(SolutionProperties) = preSolution
		HideSolutionNode = FALSE
	EndGlobalSection
	GlobalSection(ExtensibilityGlobals) = postSolution
		SolutionGuid = {F49F575A-7458-421F-BFB0-DD9A83065E15}
	EndGlobalSection
EndGlobal
